
Microsoft Visual Studio Solution File, Format Version 12.00
# Visual Studio Version 17
VisualStudioVersion = 17.7.34031.279
MinimumVisualStudioVersion = 10.0.40219.1
Project("{FAE04EC0-301F-11D3-BF4B-00C04F79EFBC}") = "IT008_O14_QLKS", "IT008_O14_QLKS\IT008_O14_QLKS.csproj", "{19A66281-F93B-4747-9D7A-CEA56541671F}"
EndProject
Global
	GlobalSection(SolutionConfigurationPlatforms) = preSolution
		Debug|Any CPU = Debug|Any CPU
		Release|Any CPU = Release|Any CPU
	EndGlobalSection
	GlobalSection(ProjectConfigurationPlatforms) = postSolution
		{19A66281-F93B-4747-9D7A-CEA56541671F}.Debug|Any CPU.ActiveCfg = Debug|Any CPU
		{19A66281-F93B-4747-9D7A-CEA56541671F}.Debug|Any CPU.Build.0 = Debug|Any CPU
		{19A66281-F93B-4747-9D7A-CEA56541671F}.Release|Any CPU.ActiveCfg = Release|Any CPU
		{19A66281-F93B-4747-9D7A-CEA56541671F}.Release|Any CPU.Build.0 = Release|Any CPU
	EndGlobalSection
	GlobalSection(SolutionProperties) = preSolution
		HideSolutionNode = FALSE
	EndGlobalSection
	GlobalSection(ExtensibilityGlobals) = postSolution
		SolutionGuid = {03FEC32B-93F2-4A21-A0AC-3CB414C901A9}
	EndGlobalSection
EndGlobal
